
Microsoft Visual Studio Solution File, Format Version 12.00
# Visual Studio Version 17
VisualStudioVersion = 17.6.33815.320
MinimumVisualStudioVersion = 10.0.40219.1
Project("{FAE04EC0-301F-11D3-BF4B-00C04F79EFBC}") = "ConnectFour", "ConnectFour\ConnectFour.csproj", "{EC42306D-CDF6-4C7E-AF74-1CB233FCE7A1}"
EndProject
Global
	GlobalSection(SolutionConfigurationPlatforms) = preSolution
		Debug|Any CPU = Debug|Any CPU
		Release|Any CPU = Release|Any CPU
	EndGlobalSection
	GlobalSection(ProjectConfigurationPlatforms) = postSolution
		{EC42306D-CDF6-4C7E-AF74-1CB233FCE7A1}.Debug|Any CPU.ActiveCfg = Debug|Any CPU
		{EC42306D-CDF6-4C7E-AF74-1CB233FCE7A1}.Debug|Any CPU.Build.0 = Debug|Any CPU
		{EC42306D-CDF6-4C7E-AF74-1CB233FCE7A1}.Release|Any CPU.ActiveCfg = Release|Any CPU
		{EC42306D-CDF6-4C7E-AF74-1CB233FCE7A1}.Release|Any CPU.Build.0 = Release|Any CPU
	EndGlobalSection
	GlobalSection(SolutionProperties) = preSolution
		HideSolutionNode = FALSE
	EndGlobalSection
	GlobalSection(ExtensibilityGlobals) = postSolution
		SolutionGuid = {C2B9D325-EA50-49E0-B5E5-75652238DC8B}
	EndGlobalSection
EndGlobal
